
Microsoft Visual Studio Solution File, Format Version 12.00
# Visual Studio 2017
Project("{FAE04EC0-301F-11D3-BF4B-00C04F79EFBC}") = "Squad AI Controller", "Squad AI Controller.csproj", "{09DB9D3A-64CA-1573-C316-BBA7D4D6DA49}"
EndProject
Global
	GlobalSection(SolutionConfigurationPlatforms) = preSolution
		Debug|Any CPU = Debug|Any CPU
		Release|Any CPU = Release|Any CPU
	EndGlobalSection
	GlobalSection(ProjectConfigurationPlatforms) = postSolution
		{09DB9D3A-64CA-1573-C316-BBA7D4D6DA49}.Debug|Any CPU.ActiveCfg = Debug|Any CPU
		{09DB9D3A-64CA-1573-C316-BBA7D4D6DA49}.Debug|Any CPU.Build.0 = Debug|Any CPU
		{09DB9D3A-64CA-1573-C316-BBA7D4D6DA49}.Release|Any CPU.ActiveCfg = Release|Any CPU
		{09DB9D3A-64CA-1573-C316-BBA7D4D6DA49}.Release|Any CPU.Build.0 = Release|Any CPU
	EndGlobalSection
	GlobalSection(SolutionProperties) = preSolution
		HideSolutionNode = FALSE
	EndGlobalSection
EndGlobal
